{
  "name": "dbf-editor",
  "version": "0.0.4",
  "lockfileVersion": 1,
  "requires": true,
  "dependencies": {
    "coffee-script": {
      "version": "1.12.7",
      "resolved": "https://registry.npmjs.org/coffee-script/-/coffee-script-1.12.7.tgz",
      "integrity": "sha512-fLeEhqwymYat/MpTPUjSKHVYYl0ec2mOyALEMLmzr5i1isuG+6jfI2j2d5oBO3VIzgUXgBVIcOT9uH1TFxBckw==",
      "dev": true
    },
    "iconv-lite": {
      "version": "0.4.18",
      "resolved": "https://registry.npmjs.org/iconv-lite/-/iconv-lite-0.4.18.tgz",
      "integrity": "sha512-sr1ZQph3UwHTR0XftSbK85OvBbxe/abLGzEnPENCQwmHf7sck8Oyu4ob3LgBxWWxRoM+QszeUyl7jbqapu2TqA=="
    },
    "jszip": {
      "version": "0.2.1",
      "resolved": "https://registry.npmjs.org/jszip/-/jszip-0.2.1.tgz",
      "integrity": "sha1-BGBUYWAkcIAWcM9b7EsRzfuCBe4="
    }
  }
}
